
Microsoft Visual Studio Solution File, Format Version 12.00
# Visual Studio Version 17
VisualStudioVersion = 17.6.33815.320
MinimumVisualStudioVersion = 10.0.40219.1
Project("{9A19103F-16F7-4668-BE54-9A1E7A4F7556}") = "FunctionAppOrchestrationSandbox", "FunctionAppOrchestrationSandbox\FunctionAppOrchestrationSandbox.csproj", "{F8BFE7EA-5FFB-467F-8EFE-56AB303C66EF}"
EndProject
Global
	GlobalSection(SolutionConfigurationPlatforms) = preSolution
		Debug|Any CPU = Debug|Any CPU
		Release|Any CPU = Release|Any CPU
	EndGlobalSection
	GlobalSection(ProjectConfigurationPlatforms) = postSolution
		{F8BFE7EA-5FFB-467F-8EFE-56AB303C66EF}.Debug|Any CPU.ActiveCfg = Debug|Any CPU
		{F8BFE7EA-5FFB-467F-8EFE-56AB303C66EF}.Debug|Any CPU.Build.0 = Debug|Any CPU
		{F8BFE7EA-5FFB-467F-8EFE-56AB303C66EF}.Release|Any CPU.ActiveCfg = Release|Any CPU
		{F8BFE7EA-5FFB-467F-8EFE-56AB303C66EF}.Release|Any CPU.Build.0 = Release|Any CPU
	EndGlobalSection
	GlobalSection(SolutionProperties) = preSolution
		HideSolutionNode = FALSE
	EndGlobalSection
	GlobalSection(ExtensibilityGlobals) = postSolution
		SolutionGuid = {B2B9FF0E-F215-440D-9667-44198EC88E88}
	EndGlobalSection
EndGlobal
